// !$*UTF8*$!
{
	archiveVersion = 1;
	classes = {
	};
	objectVersion = 55;
	objects = {

/* Begin PBXBuildFile section */
		3B04DC0D26B1E38400D164C4 /* ArchitectureX in Frameworks */ = {isa = PBXBuildFile; productRef = 3B04DC0C26B1E38400D164C4 /* ArchitectureX */; };
		3B43FEF0269045700039C6FC /* HomeViewModel.swift in Sources */ = {isa = PBXBuildFile; fileRef = 3B43FEEF269045700039C6FC /* HomeViewModel.swift */; };
		3B43FEF3269047490039C6FC /* InfoCoordinator.swift in Sources */ = {isa = PBXBuildFile; fileRef = 3B43FEF2269047490039C6FC /* InfoCoordinator.swift */; };
		3B43FEF8269091200039C6FC /* InfoInteractor.swift in Sources */ = {isa = PBXBuildFile; fileRef = 3B43FEF7269091200039C6FC /* InfoInteractor.swift */; };
		3B43FEFA269091270039C6FC /* InfoView.swift in Sources */ = {isa = PBXBuildFile; fileRef = 3B43FEF9269091270039C6FC /* InfoView.swift */; };
		3B57BA042690F9B4007FA0F3 /* AppsViewModel.swift in Sources */ = {isa = PBXBuildFile; fileRef = 3B57BA032690F9B4007FA0F3 /* AppsViewModel.swift */; };
		3B57BA0E2690FD41007FA0F3 /* Services in Frameworks */ = {isa = PBXBuildFile; productRef = 3B57BA0D2690FD41007FA0F3 /* Services */; };
		3B57BA112690FDA8007FA0F3 /* Models in Frameworks */ = {isa = PBXBuildFile; productRef = 3B57BA102690FDA8007FA0F3 /* Models */; };
		3B7292D52691DF580039B97E /* Configuration.swift in Sources */ = {isa = PBXBuildFile; fileRef = 3B7292D42691DF540039B97E /* Configuration.swift */; };
		3B7CA301268FAE5400E1B7BB /* HomeCoordinator.swift in Sources */ = {isa = PBXBuildFile; fileRef = 3B7CA300268FAE5400E1B7BB /* HomeCoordinator.swift */; };
		3B8DE3CA26A0B181005DEF2F /* AppSection.swift in Sources */ = {isa = PBXBuildFile; fileRef = 3B8DE3C926A0B181005DEF2F /* AppSection.swift */; };
		3B8DE3CC26A0B241005DEF2F /* VersionsSection.swift in Sources */ = {isa = PBXBuildFile; fileRef = 3B8DE3CB26A0B241005DEF2F /* VersionsSection.swift */; };
		3B8DE3CE26A0B311005DEF2F /* UploadsSection.swift in Sources */ = {isa = PBXBuildFile; fileRef = 3B8DE3CD26A0B311005DEF2F /* UploadsSection.swift */; };
		3B8DE3D426A0CAFA005DEF2F /* VersionsInteractor.swift in Sources */ = {isa = PBXBuildFile; fileRef = 3B8DE3D026A0CAF9005DEF2F /* VersionsInteractor.swift */; };
		3B8DE3D526A0CAFA005DEF2F /* VersionsCoordinator.swift in Sources */ = {isa = PBXBuildFile; fileRef = 3B8DE3D126A0CAFA005DEF2F /* VersionsCoordinator.swift */; };
		3B8DE3D726A0CAFA005DEF2F /* VersionsView.swift in Sources */ = {isa = PBXBuildFile; fileRef = 3B8DE3D326A0CAFA005DEF2F /* VersionsView.swift */; };
		3BD0C31A2691F06200E91AD7 /* AppCoordinator.swift in Sources */ = {isa = PBXBuildFile; fileRef = 3BD0C3192691F06200E91AD7 /* AppCoordinator.swift */; };
		3BD0C31C2691F5A700E91AD7 /* AppViewModel.swift in Sources */ = {isa = PBXBuildFile; fileRef = 3BD0C31B2691F5A700E91AD7 /* AppViewModel.swift */; };
		3BD0C31E2691F5B400E91AD7 /* AppInteractor.swift in Sources */ = {isa = PBXBuildFile; fileRef = 3BD0C31D2691F5B400E91AD7 /* AppInteractor.swift */; };
		3BD0C3202691F5C000E91AD7 /* AppView.swift in Sources */ = {isa = PBXBuildFile; fileRef = 3BD0C31F2691F5C000E91AD7 /* AppView.swift */; };
		3BE7F999268E5436007E84F3 /* MothershipApp.swift in Sources */ = {isa = PBXBuildFile; fileRef = 3BE7F998268E5436007E84F3 /* MothershipApp.swift */; };
		3BE7F99D268E5438007E84F3 /* Assets.xcassets in Resources */ = {isa = PBXBuildFile; fileRef = 3BE7F99C268E5438007E84F3 /* Assets.xcassets */; };
		3BE7F9A0268E5438007E84F3 /* Preview Assets.xcassets in Resources */ = {isa = PBXBuildFile; fileRef = 3BE7F99F268E5438007E84F3 /* Preview Assets.xcassets */; };
		3BE7F9AA268E5438007E84F3 /* MothershipTests.swift in Sources */ = {isa = PBXBuildFile; fileRef = 3BE7F9A9268E5438007E84F3 /* MothershipTests.swift */; };
		3BE7F9B4268E5438007E84F3 /* MothershipUITests.swift in Sources */ = {isa = PBXBuildFile; fileRef = 3BE7F9B3268E5438007E84F3 /* MothershipUITests.swift */; };
		3BF78296268FB4BB005AA27B /* HomeInteractor.swift in Sources */ = {isa = PBXBuildFile; fileRef = 3BF78295268FB4BB005AA27B /* HomeInteractor.swift */; };
		3BF78298268FB50C005AA27B /* HomeView.swift in Sources */ = {isa = PBXBuildFile; fileRef = 3BF78297268FB50C005AA27B /* HomeView.swift */; };
		3BF7829B268FB79A005AA27B /* AppsCoordinator.swift in Sources */ = {isa = PBXBuildFile; fileRef = 3BF7829A268FB79A005AA27B /* AppsCoordinator.swift */; };
		3BF7829D268FB7A2005AA27B /* AppsView.swift in Sources */ = {isa = PBXBuildFile; fileRef = 3BF7829C268FB7A2005AA27B /* AppsView.swift */; };
		3BF7829F268FB7AC005AA27B /* AppsInteractor.swift in Sources */ = {isa = PBXBuildFile; fileRef = 3BF7829E268FB7AC005AA27B /* AppsInteractor.swift */; };
/* End PBXBuildFile section */

/* Begin PBXContainerItemProxy section */
		3BE7F9A6268E5438007E84F3 /* PBXContainerItemProxy */ = {
			isa = PBXContainerItemProxy;
			containerPortal = 3BE7F98D268E5436007E84F3 /* Project object */;
			proxyType = 1;
			remoteGlobalIDString = 3BE7F994268E5436007E84F3;
			remoteInfo = Mothership;
		};
		3BE7F9B0268E5438007E84F3 /* PBXContainerItemProxy */ = {
			isa = PBXContainerItemProxy;
			containerPortal = 3BE7F98D268E5436007E84F3 /* Project object */;
			proxyType = 1;
			remoteGlobalIDString = 3BE7F994268E5436007E84F3;
			remoteInfo = Mothership;
		};
/* End PBXContainerItemProxy section */

/* Begin PBXFileReference section */
		3B43FEEF269045700039C6FC /* HomeViewModel.swift */ = {isa = PBXFileReference; lastKnownFileType = sourcecode.swift; path = HomeViewModel.swift; sourceTree = "<group>"; };
		3B43FEF2269047490039C6FC /* InfoCoordinator.swift */ = {isa = PBXFileReference; lastKnownFileType = sourcecode.swift; path = InfoCoordinator.swift; sourceTree = "<group>"; };
		3B43FEF7269091200039C6FC /* InfoInteractor.swift */ = {isa = PBXFileReference; lastKnownFileType = sourcecode.swift; path = InfoInteractor.swift; sourceTree = "<group>"; };
		3B43FEF9269091270039C6FC /* InfoView.swift */ = {isa = PBXFileReference; lastKnownFileType = sourcecode.swift; path = InfoView.swift; sourceTree = "<group>"; };
		3B57BA032690F9B4007FA0F3 /* AppsViewModel.swift */ = {isa = PBXFileReference; lastKnownFileType = sourcecode.swift; path = AppsViewModel.swift; sourceTree = "<group>"; };
		3B57BA082690FB16007FA0F3 /* Info.plist */ = {isa = PBXFileReference; lastKnownFileType = text.plist; path = Info.plist; sourceTree = "<group>"; };
		3B57BA0C2690FD3A007FA0F3 /* Services */ = {isa = PBXFileReference; lastKnownFileType = folder; name = Services; path = Packages/Services; sourceTree = "<group>"; };
		3B57BA0F2690FDA0007FA0F3 /* Models */ = {isa = PBXFileReference; lastKnownFileType = folder; name = Models; path = Packages/Models; sourceTree = "<group>"; };
		3B7292D42691DF540039B97E /* Configuration.swift */ = {isa = PBXFileReference; lastKnownFileType = sourcecode.swift; path = Configuration.swift; sourceTree = "<group>"; };
		3B7CA300268FAE5400E1B7BB /* HomeCoordinator.swift */ = {isa = PBXFileReference; lastKnownFileType = sourcecode.swift; path = HomeCoordinator.swift; sourceTree = "<group>"; };
		3B8DE3C926A0B181005DEF2F /* AppSection.swift */ = {isa = PBXFileReference; lastKnownFileType = sourcecode.swift; path = AppSection.swift; sourceTree = "<group>"; };
		3B8DE3CB26A0B241005DEF2F /* VersionsSection.swift */ = {isa = PBXFileReference; lastKnownFileType = sourcecode.swift; path = VersionsSection.swift; sourceTree = "<group>"; };
		3B8DE3CD26A0B311005DEF2F /* UploadsSection.swift */ = {isa = PBXFileReference; lastKnownFileType = sourcecode.swift; path = UploadsSection.swift; sourceTree = "<group>"; };
		3B8DE3D026A0CAF9005DEF2F /* VersionsInteractor.swift */ = {isa = PBXFileReference; fileEncoding = 4; lastKnownFileType = sourcecode.swift; path = VersionsInteractor.swift; sourceTree = "<group>"; };
		3B8DE3D126A0CAFA005DEF2F /* VersionsCoordinator.swift */ = {isa = PBXFileReference; fileEncoding = 4; lastKnownFileType = sourcecode.swift; path = VersionsCoordinator.swift; sourceTree = "<group>"; };
		3B8DE3D326A0CAFA005DEF2F /* VersionsView.swift */ = {isa = PBXFileReference; fileEncoding = 4; lastKnownFileType = sourcecode.swift; path = VersionsView.swift; sourceTree = "<group>"; };
		3B9F22922691BC880048A5FA /* Config-Debug.xcconfig */ = {isa = PBXFileReference; lastKnownFileType = text.xcconfig; path = "Config-Debug.xcconfig"; sourceTree = "<group>"; };
		3B9F22932691BD5B0048A5FA /* Config-Release.xcconfig */ = {isa = PBXFileReference; lastKnownFileType = text.xcconfig; path = "Config-Release.xcconfig"; sourceTree = "<group>"; };
		3BD0C3192691F06200E91AD7 /* AppCoordinator.swift */ = {isa = PBXFileReference; lastKnownFileType = sourcecode.swift; path = AppCoordinator.swift; sourceTree = "<group>"; };
		3BD0C31B2691F5A700E91AD7 /* AppViewModel.swift */ = {isa = PBXFileReference; lastKnownFileType = sourcecode.swift; path = AppViewModel.swift; sourceTree = "<group>"; };
		3BD0C31D2691F5B400E91AD7 /* AppInteractor.swift */ = {isa = PBXFileReference; lastKnownFileType = sourcecode.swift; path = AppInteractor.swift; sourceTree = "<group>"; };
		3BD0C31F2691F5C000E91AD7 /* AppView.swift */ = {isa = PBXFileReference; lastKnownFileType = sourcecode.swift; path = AppView.swift; sourceTree = "<group>"; };
		3BE7F995268E5436007E84F3 /* Mothership.app */ = {isa = PBXFileReference; explicitFileType = wrapper.application; includeInIndex = 0; path = Mothership.app; sourceTree = BUILT_PRODUCTS_DIR; };
		3BE7F998268E5436007E84F3 /* MothershipApp.swift */ = {isa = PBXFileReference; lastKnownFileType = sourcecode.swift; path = MothershipApp.swift; sourceTree = "<group>"; };
		3BE7F99C268E5438007E84F3 /* Assets.xcassets */ = {isa = PBXFileReference; lastKnownFileType = folder.assetcatalog; path = Assets.xcassets; sourceTree = "<group>"; };
		3BE7F99F268E5438007E84F3 /* Preview Assets.xcassets */ = {isa = PBXFileReference; lastKnownFileType = folder.assetcatalog; path = "Preview Assets.xcassets"; sourceTree = "<group>"; };
		3BE7F9A5268E5438007E84F3 /* MothershipTests.xctest */ = {isa = PBXFileReference; explicitFileType = wrapper.cfbundle; includeInIndex = 0; path = MothershipTests.xctest; sourceTree = BUILT_PRODUCTS_DIR; };
		3BE7F9A9268E5438007E84F3 /* MothershipTests.swift */ = {isa = PBXFileReference; lastKnownFileType = sourcecode.swift; path = MothershipTests.swift; sourceTree = "<group>"; };
		3BE7F9AF268E5438007E84F3 /* MothershipUITests.xctest */ = {isa = PBXFileReference; explicitFileType = wrapper.cfbundle; includeInIndex = 0; path = MothershipUITests.xctest; sourceTree = BUILT_PRODUCTS_DIR; };
		3BE7F9B3268E5438007E84F3 /* MothershipUITests.swift */ = {isa = PBXFileReference; lastKnownFileType = sourcecode.swift; path = MothershipUITests.swift; sourceTree = "<group>"; };
		3BF78295268FB4BB005AA27B /* HomeInteractor.swift */ = {isa = PBXFileReference; lastKnownFileType = sourcecode.swift; path = HomeInteractor.swift; sourceTree = "<group>"; };
		3BF78297268FB50C005AA27B /* HomeView.swift */ = {isa = PBXFileReference; lastKnownFileType = sourcecode.swift; path = HomeView.swift; sourceTree = "<group>"; };
		3BF7829A268FB79A005AA27B /* AppsCoordinator.swift */ = {isa = PBXFileReference; lastKnownFileType = sourcecode.swift; path = AppsCoordinator.swift; sourceTree = "<group>"; };
		3BF7829C268FB7A2005AA27B /* AppsView.swift */ = {isa = PBXFileReference; lastKnownFileType = sourcecode.swift; path = AppsView.swift; sourceTree = "<group>"; };
		3BF7829E268FB7AC005AA27B /* AppsInteractor.swift */ = {isa = PBXFileReference; lastKnownFileType = sourcecode.swift; path = AppsInteractor.swift; sourceTree = "<group>"; };
/* End PBXFileReference section */

/* Begin PBXFrameworksBuildPhase section */
		3BE7F992268E5436007E84F3 /* Frameworks */ = {
			isa = PBXFrameworksBuildPhase;
			buildActionMask = 2147483647;
			files = (
				3B57BA112690FDA8007FA0F3 /* Models in Frameworks */,
				3B57BA0E2690FD41007FA0F3 /* Services in Frameworks */,
				3B04DC0D26B1E38400D164C4 /* ArchitectureX in Frameworks */,
			);
			runOnlyForDeploymentPostprocessing = 0;
		};
		3BE7F9A2268E5438007E84F3 /* Frameworks */ = {
			isa = PBXFrameworksBuildPhase;
			buildActionMask = 2147483647;
			files = (
			);
			runOnlyForDeploymentPostprocessing = 0;
		};
		3BE7F9AC268E5438007E84F3 /* Frameworks */ = {
			isa = PBXFrameworksBuildPhase;
			buildActionMask = 2147483647;
			files = (
			);
			runOnlyForDeploymentPostprocessing = 0;
		};
/* End PBXFrameworksBuildPhase section */

/* Begin PBXGroup section */
		3B43FEF12690473B0039C6FC /* Info */ = {
			isa = PBXGroup;
			children = (
				3B43FEF2269047490039C6FC /* InfoCoordinator.swift */,
				3B43FEF7269091200039C6FC /* InfoInteractor.swift */,
				3B43FEF9269091270039C6FC /* InfoView.swift */,
			);
			path = Info;
			sourceTree = "<group>";
		};
		3B43FEFC2690920A0039C6FC /* Packages */ = {
			isa = PBXGroup;
			children = (
				3B57BA0F2690FDA0007FA0F3 /* Models */,
				3B57BA0C2690FD3A007FA0F3 /* Services */,
			);
			name = Packages;
			sourceTree = "<group>";
		};
		3B7CA2FF268FAE4200E1B7BB /* Home */ = {
			isa = PBXGroup;
			children = (
				3B7CA300268FAE5400E1B7BB /* HomeCoordinator.swift */,
				3B43FEEF269045700039C6FC /* HomeViewModel.swift */,
				3BF78295268FB4BB005AA27B /* HomeInteractor.swift */,
				3BF78297268FB50C005AA27B /* HomeView.swift */,
			);
			path = Home;
			sourceTree = "<group>";
		};
		3B8DE3C826A0B16C005DEF2F /* Sections */ = {
			isa = PBXGroup;
			children = (
				3B8DE3C926A0B181005DEF2F /* AppSection.swift */,
				3B8DE3CB26A0B241005DEF2F /* VersionsSection.swift */,
				3B8DE3CD26A0B311005DEF2F /* UploadsSection.swift */,
			);
			path = Sections;
			sourceTree = "<group>";
		};
		3B8DE3CF26A0CA56005DEF2F /* Versions */ = {
			isa = PBXGroup;
			children = (
				3B8DE3D126A0CAFA005DEF2F /* VersionsCoordinator.swift */,
				3B8DE3D026A0CAF9005DEF2F /* VersionsInteractor.swift */,
				3B8DE3D326A0CAFA005DEF2F /* VersionsView.swift */,
			);
			path = Versions;
			sourceTree = "<group>";
		};
		3B9F22912691BC650048A5FA /* Configuration */ = {
			isa = PBXGroup;
			children = (
				3B9F22922691BC880048A5FA /* Config-Debug.xcconfig */,
				3B9F22932691BD5B0048A5FA /* Config-Release.xcconfig */,
				3B7292D42691DF540039B97E /* Configuration.swift */,
			);
			path = Configuration;
			sourceTree = "<group>";
		};
		3BD0C3182691F05500E91AD7 /* App */ = {
			isa = PBXGroup;
			children = (
				3BD0C3192691F06200E91AD7 /* AppCoordinator.swift */,
				3BD0C31D2691F5B400E91AD7 /* AppInteractor.swift */,
				3BD0C31F2691F5C000E91AD7 /* AppView.swift */,
				3BD0C31B2691F5A700E91AD7 /* AppViewModel.swift */,
				3B8DE3C826A0B16C005DEF2F /* Sections */,
			);
			path = App;
			sourceTree = "<group>";
		};
		3BE7F98C268E5436007E84F3 = {
			isa = PBXGroup;
			children = (
				3B9F22912691BC650048A5FA /* Configuration */,
				3B43FEFC2690920A0039C6FC /* Packages */,
				3BE7F997268E5436007E84F3 /* Mothership */,
				3BE7F9A8268E5438007E84F3 /* MothershipTests */,
				3BE7F9B2268E5438007E84F3 /* MothershipUITests */,
				3BE7F996268E5436007E84F3 /* Products */,
				3BF78292268FB341005AA27B /* Frameworks */,
			);
			sourceTree = "<group>";
		};
		3BE7F996268E5436007E84F3 /* Products */ = {
			isa = PBXGroup;
			children = (
				3BE7F995268E5436007E84F3 /* Mothership.app */,
				3BE7F9A5268E5438007E84F3 /* MothershipTests.xctest */,
				3BE7F9AF268E5438007E84F3 /* MothershipUITests.xctest */,
			);
			name = Products;
			sourceTree = "<group>";
		};
		3BE7F997268E5436007E84F3 /* Mothership */ = {
			isa = PBXGroup;
			children = (
				3B57BA082690FB16007FA0F3 /* Info.plist */,
				3BE7F998268E5436007E84F3 /* MothershipApp.swift */,
				3B8DE3CF26A0CA56005DEF2F /* Versions */,
				3B7CA2FF268FAE4200E1B7BB /* Home */,
				3B43FEF12690473B0039C6FC /* Info */,
				3BF78299268FB781005AA27B /* Apps */,
				3BD0C3182691F05500E91AD7 /* App */,
				3BE7F99C268E5438007E84F3 /* Assets.xcassets */,
				3BE7F99E268E5438007E84F3 /* Preview Content */,
			);
			path = Mothership;
			sourceTree = "<group>";
		};
		3BE7F99E268E5438007E84F3 /* Preview Content */ = {
			isa = PBXGroup;
			children = (
				3BE7F99F268E5438007E84F3 /* Preview Assets.xcassets */,
			);
			path = "Preview Content";
			sourceTree = "<group>";
		};
		3BE7F9A8268E5438007E84F3 /* MothershipTests */ = {
			isa = PBXGroup;
			children = (
				3BE7F9A9268E5438007E84F3 /* MothershipTests.swift */,
			);
			path = MothershipTests;
			sourceTree = "<group>";
		};
		3BE7F9B2268E5438007E84F3 /* MothershipUITests */ = {
			isa = PBXGroup;
			children = (
				3BE7F9B3268E5438007E84F3 /* MothershipUITests.swift */,
			);
			path = MothershipUITests;
			sourceTree = "<group>";
		};
		3BF78292268FB341005AA27B /* Frameworks */ = {
			isa = PBXGroup;
			children = (
			);
			name = Frameworks;
			sourceTree = "<group>";
		};
		3BF78299268FB781005AA27B /* Apps */ = {
			isa = PBXGroup;
			children = (
				3BF7829A268FB79A005AA27B /* AppsCoordinator.swift */,
				3B57BA032690F9B4007FA0F3 /* AppsViewModel.swift */,
				3BF7829C268FB7A2005AA27B /* AppsView.swift */,
				3BF7829E268FB7AC005AA27B /* AppsInteractor.swift */,
			);
			path = Apps;
			sourceTree = "<group>";
		};
/* End PBXGroup section */

/* Begin PBXNativeTarget section */
		3BE7F994268E5436007E84F3 /* Mothership */ = {
			isa = PBXNativeTarget;
			buildConfigurationList = 3BE7F9B7268E5438007E84F3 /* Build configuration list for PBXNativeTarget "Mothership" */;
			buildPhases = (
				3BE7F991268E5436007E84F3 /* Sources */,
				3BE7F992268E5436007E84F3 /* Frameworks */,
				3BE7F993268E5436007E84F3 /* Resources */,
			);
			buildRules = (
			);
			dependencies = (
			);
			name = Mothership;
			packageProductDependencies = (
				3B57BA0D2690FD41007FA0F3 /* Services */,
				3B57BA102690FDA8007FA0F3 /* Models */,
				3B04DC0C26B1E38400D164C4 /* ArchitectureX */,
			);
			productName = Mothership;
			productReference = 3BE7F995268E5436007E84F3 /* Mothership.app */;
			productType = "com.apple.product-type.application";
		};
		3BE7F9A4268E5438007E84F3 /* MothershipTests */ = {
			isa = PBXNativeTarget;
			buildConfigurationList = 3BE7F9BA268E5438007E84F3 /* Build configuration list for PBXNativeTarget "MothershipTests" */;
			buildPhases = (
				3BE7F9A1268E5438007E84F3 /* Sources */,
				3BE7F9A2268E5438007E84F3 /* Frameworks */,
				3BE7F9A3268E5438007E84F3 /* Resources */,
			);
			buildRules = (
			);
			dependencies = (
				3BE7F9A7268E5438007E84F3 /* PBXTargetDependency */,
			);
			name = MothershipTests;
			productName = MothershipTests;
			productReference = 3BE7F9A5268E5438007E84F3 /* MothershipTests.xctest */;
			productType = "com.apple.product-type.bundle.unit-test";
		};
		3BE7F9AE268E5438007E84F3 /* MothershipUITests */ = {
			isa = PBXNativeTarget;
			buildConfigurationList = 3BE7F9BD268E5438007E84F3 /* Build configuration list for PBXNativeTarget "MothershipUITests" */;
			buildPhases = (
				3BE7F9AB268E5438007E84F3 /* Sources */,
				3BE7F9AC268E5438007E84F3 /* Frameworks */,
				3BE7F9AD268E5438007E84F3 /* Resources */,
			);
			buildRules = (
			);
			dependencies = (
				3BE7F9B1268E5438007E84F3 /* PBXTargetDependency */,
			);
			name = MothershipUITests;
			productName = MothershipUITests;
			productReference = 3BE7F9AF268E5438007E84F3 /* MothershipUITests.xctest */;
			productType = "com.apple.product-type.bundle.ui-testing";
		};
/* End PBXNativeTarget section */

/* Begin PBXProject section */
		3BE7F98D268E5436007E84F3 /* Project object */ = {
			isa = PBXProject;
			attributes = {
				BuildIndependentTargetsInParallel = 1;
				LastSwiftUpdateCheck = 1300;
				LastUpgradeCheck = 1300;
				TargetAttributes = {
					3BE7F994268E5436007E84F3 = {
						CreatedOnToolsVersion = 13.0;
					};
					3BE7F9A4268E5438007E84F3 = {
						CreatedOnToolsVersion = 13.0;
						TestTargetID = 3BE7F994268E5436007E84F3;
					};
					3BE7F9AE268E5438007E84F3 = {
						CreatedOnToolsVersion = 13.0;
						TestTargetID = 3BE7F994268E5436007E84F3;
					};
				};
			};
			buildConfigurationList = 3BE7F990268E5436007E84F3 /* Build configuration list for PBXProject "Mothership" */;
			compatibilityVersion = "Xcode 13.0";
			developmentRegion = en;
			hasScannedForEncodings = 0;
			knownRegions = (
				en,
				Base,
			);
			mainGroup = 3BE7F98C268E5436007E84F3;
			packageReferences = (
				3B04DC0B26B1E38400D164C4 /* XCRemoteSwiftPackageReference "architecture-x" */,
			);
			productRefGroup = 3BE7F996268E5436007E84F3 /* Products */;
			projectDirPath = "";
			projectRoot = "";
			targets = (
				3BE7F994268E5436007E84F3 /* Mothership */,
				3BE7F9A4268E5438007E84F3 /* MothershipTests */,
				3BE7F9AE268E5438007E84F3 /* MothershipUITests */,
			);
		};
/* End PBXProject section */

/* Begin PBXResourcesBuildPhase section */
		3BE7F993268E5436007E84F3 /* Resources */ = {
			isa = PBXResourcesBuildPhase;
			buildActionMask = 2147483647;
			files = (
				3BE7F9A0268E5438007E84F3 /* Preview Assets.xcassets in Resources */,
				3BE7F99D268E5438007E84F3 /* Assets.xcassets in Resources */,
			);
			runOnlyForDeploymentPostprocessing = 0;
		};
		3BE7F9A3268E5438007E84F3 /* Resources */ = {
			isa = PBXResourcesBuildPhase;
			buildActionMask = 2147483647;
			files = (
			);
			runOnlyForDeploymentPostprocessing = 0;
		};
		3BE7F9AD268E5438007E84F3 /* Resources */ = {
			isa = PBXResourcesBuildPhase;
			buildActionMask = 2147483647;
			files = (
			);
			runOnlyForDeploymentPostprocessing = 0;
		};
/* End PBXResourcesBuildPhase section */

/* Begin PBXSourcesBuildPhase section */
		3BE7F991268E5436007E84F3 /* Sources */ = {
			isa = PBXSourcesBuildPhase;
			buildActionMask = 2147483647;
			files = (
				3BF78296268FB4BB005AA27B /* HomeInteractor.swift in Sources */,
				3B43FEFA269091270039C6FC /* InfoView.swift in Sources */,
				3BF78298268FB50C005AA27B /* HomeView.swift in Sources */,
				3B8DE3CA26A0B181005DEF2F /* AppSection.swift in Sources */,
				3B43FEF3269047490039C6FC /* InfoCoordinator.swift in Sources */,
				3BF7829B268FB79A005AA27B /* AppsCoordinator.swift in Sources */,
				3B8DE3D426A0CAFA005DEF2F /* VersionsInteractor.swift in Sources */,
				3BD0C31C2691F5A700E91AD7 /* AppViewModel.swift in Sources */,
				3B8DE3D726A0CAFA005DEF2F /* VersionsView.swift in Sources */,
				3B43FEF0269045700039C6FC /* HomeViewModel.swift in Sources */,
				3BD0C31A2691F06200E91AD7 /* AppCoordinator.swift in Sources */,
				3BE7F999268E5436007E84F3 /* MothershipApp.swift in Sources */,
				3B8DE3CC26A0B241005DEF2F /* VersionsSection.swift in Sources */,
				3B7292D52691DF580039B97E /* Configuration.swift in Sources */,
				3B8DE3CE26A0B311005DEF2F /* UploadsSection.swift in Sources */,
				3BD0C31E2691F5B400E91AD7 /* AppInteractor.swift in Sources */,
				3B8DE3D526A0CAFA005DEF2F /* VersionsCoordinator.swift in Sources */,
				3BF7829F268FB7AC005AA27B /* AppsInteractor.swift in Sources */,
				3BF7829D268FB7A2005AA27B /* AppsView.swift in Sources */,
				3BD0C3202691F5C000E91AD7 /* AppView.swift in Sources */,
				3B43FEF8269091200039C6FC /* InfoInteractor.swift in Sources */,
				3B57BA042690F9B4007FA0F3 /* AppsViewModel.swift in Sources */,
				3B7CA301268FAE5400E1B7BB /* HomeCoordinator.swift in Sources */,
			);
			runOnlyForDeploymentPostprocessing = 0;
		};
		3BE7F9A1268E5438007E84F3 /* Sources */ = {
			isa = PBXSourcesBuildPhase;
			buildActionMask = 2147483647;
			files = (
				3BE7F9AA268E5438007E84F3 /* MothershipTests.swift in Sources */,
			);
			runOnlyForDeploymentPostprocessing = 0;
		};
		3BE7F9AB268E5438007E84F3 /* Sources */ = {
			isa = PBXSourcesBuildPhase;
			buildActionMask = 2147483647;
			files = (
				3BE7F9B4268E5438007E84F3 /* MothershipUITests.swift in Sources */,
			);
			runOnlyForDeploymentPostprocessing = 0;
		};
/* End PBXSourcesBuildPhase section */

/* Begin PBXTargetDependency section */
		3BE7F9A7268E5438007E84F3 /* PBXTargetDependency */ = {
			isa = PBXTargetDependency;
			target = 3BE7F994268E5436007E84F3 /* Mothership */;
			targetProxy = 3BE7F9A6268E5438007E84F3 /* PBXContainerItemProxy */;
		};
		3BE7F9B1268E5438007E84F3 /* PBXTargetDependency */ = {
			isa = PBXTargetDependency;
			target = 3BE7F994268E5436007E84F3 /* Mothership */;
			targetProxy = 3BE7F9B0268E5438007E84F3 /* PBXContainerItemProxy */;
		};
/* End PBXTargetDependency section */

/* Begin XCBuildConfiguration section */
		3BE7F9B5268E5438007E84F3 /* Debug */ = {
			isa = XCBuildConfiguration;
			buildSettings = {
				ALWAYS_SEARCH_USER_PATHS = NO;
				CLANG_ANALYZER_NONNULL = YES;
				CLANG_ANALYZER_NUMBER_OBJECT_CONVERSION = YES_AGGRESSIVE;
				CLANG_CXX_LANGUAGE_STANDARD = "gnu++14";
				CLANG_CXX_LIBRARY = "libc++";
				CLANG_ENABLE_MODULES = YES;
				CLANG_ENABLE_OBJC_ARC = YES;
				CLANG_ENABLE_OBJC_WEAK = YES;
				CLANG_WARN_BLOCK_CAPTURE_AUTORELEASING = YES;
				CLANG_WARN_BOOL_CONVERSION = YES;
				CLANG_WARN_COMMA = YES;
				CLANG_WARN_CONSTANT_CONVERSION = YES;
				CLANG_WARN_DEPRECATED_OBJC_IMPLEMENTATIONS = YES;
				CLANG_WARN_DIRECT_OBJC_ISA_USAGE = YES_ERROR;
				CLANG_WARN_DOCUMENTATION_COMMENTS = YES;
				CLANG_WARN_EMPTY_BODY = YES;
				CLANG_WARN_ENUM_CONVERSION = YES;
				CLANG_WARN_INFINITE_RECURSION = YES;
				CLANG_WARN_INT_CONVERSION = YES;
				CLANG_WARN_NON_LITERAL_NULL_CONVERSION = YES;
				CLANG_WARN_OBJC_IMPLICIT_RETAIN_SELF = YES;
				CLANG_WARN_OBJC_LITERAL_CONVERSION = YES;
				CLANG_WARN_OBJC_ROOT_CLASS = YES_ERROR;
				CLANG_WARN_QUOTED_INCLUDE_IN_FRAMEWORK_HEADER = YES;
				CLANG_WARN_RANGE_LOOP_ANALYSIS = YES;
				CLANG_WARN_STRICT_PROTOTYPES = YES;
				CLANG_WARN_SUSPICIOUS_MOVE = YES;
				CLANG_WARN_UNGUARDED_AVAILABILITY = YES_AGGRESSIVE;
				CLANG_WARN_UNREACHABLE_CODE = YES;
				CLANG_WARN__DUPLICATE_METHOD_MATCH = YES;
				COPY_PHASE_STRIP = NO;
				DEBUG_INFORMATION_FORMAT = dwarf;
				ENABLE_STRICT_OBJC_MSGSEND = YES;
				ENABLE_TESTABILITY = YES;
				GCC_C_LANGUAGE_STANDARD = gnu11;
				GCC_DYNAMIC_NO_PIC = NO;
				GCC_NO_COMMON_BLOCKS = YES;
				GCC_OPTIMIZATION_LEVEL = 0;
				GCC_PREPROCESSOR_DEFINITIONS = (
					"DEBUG=1",
					"$(inherited)",
				);
				GCC_WARN_64_TO_32_BIT_CONVERSION = YES;
				GCC_WARN_ABOUT_RETURN_TYPE = YES_ERROR;
				GCC_WARN_UNDECLARED_SELECTOR = YES;
				GCC_WARN_UNINITIALIZED_AUTOS = YES_AGGRESSIVE;
				GCC_WARN_UNUSED_FUNCTION = YES;
				GCC_WARN_UNUSED_VARIABLE = YES;
				IPHONEOS_DEPLOYMENT_TARGET = 15.0;
				MTL_ENABLE_DEBUG_INFO = INCLUDE_SOURCE;
				MTL_FAST_MATH = YES;
				ONLY_ACTIVE_ARCH = YES;
				SDKROOT = iphoneos;
				SWIFT_ACTIVE_COMPILATION_CONDITIONS = DEBUG;
				SWIFT_OPTIMIZATION_LEVEL = "-Onone";
			};
			name = Debug;
		};
		3BE7F9B6268E5438007E84F3 /* Release */ = {
			isa = XCBuildConfiguration;
			buildSettings = {
				ALWAYS_SEARCH_USER_PATHS = NO;
				CLANG_ANALYZER_NONNULL = YES;
				CLANG_ANALYZER_NUMBER_OBJECT_CONVERSION = YES_AGGRESSIVE;
				CLANG_CXX_LANGUAGE_STANDARD = "gnu++14";
				CLANG_CXX_LIBRARY = "libc++";
				CLANG_ENABLE_MODULES = YES;
				CLANG_ENABLE_OBJC_ARC = YES;
				CLANG_ENABLE_OBJC_WEAK = YES;
				CLANG_WARN_BLOCK_CAPTURE_AUTORELEASING = YES;
				CLANG_WARN_BOOL_CONVERSION = YES;
				CLANG_WARN_COMMA = YES;
				CLANG_WARN_CONSTANT_CONVERSION = YES;
				CLANG_WARN_DEPRECATED_OBJC_IMPLEMENTATIONS = YES;
				CLANG_WARN_DIRECT_OBJC_ISA_USAGE = YES_ERROR;
				CLANG_WARN_DOCUMENTATION_COMMENTS = YES;
				CLANG_WARN_EMPTY_BODY = YES;
				CLANG_WARN_ENUM_CONVERSION = YES;
				CLANG_WARN_INFINITE_RECURSION = YES;
				CLANG_WARN_INT_CONVERSION = YES;
				CLANG_WARN_NON_LITERAL_NULL_CONVERSION = YES;
				CLANG_WARN_OBJC_IMPLICIT_RETAIN_SELF = YES;
				CLANG_WARN_OBJC_LITERAL_CONVERSION = YES;
				CLANG_WARN_OBJC_ROOT_CLASS = YES_ERROR;
				CLANG_WARN_QUOTED_INCLUDE_IN_FRAMEWORK_HEADER = YES;
				CLANG_WARN_RANGE_LOOP_ANALYSIS = YES;
				CLANG_WARN_STRICT_PROTOTYPES = YES;
				CLANG_WARN_SUSPICIOUS_MOVE = YES;
				CLANG_WARN_UNGUARDED_AVAILABILITY = YES_AGGRESSIVE;
				CLANG_WARN_UNREACHABLE_CODE = YES;
				CLANG_WARN__DUPLICATE_METHOD_MATCH = YES;
				COPY_PHASE_STRIP = NO;
				DEBUG_INFORMATION_FORMAT = "dwarf-with-dsym";
				ENABLE_NS_ASSERTIONS = NO;
				ENABLE_STRICT_OBJC_MSGSEND = YES;
				GCC_C_LANGUAGE_STANDARD = gnu11;
				GCC_NO_COMMON_BLOCKS = YES;
				GCC_WARN_64_TO_32_BIT_CONVERSION = YES;
				GCC_WARN_ABOUT_RETURN_TYPE = YES_ERROR;
				GCC_WARN_UNDECLARED_SELECTOR = YES;
				GCC_WARN_UNINITIALIZED_AUTOS = YES_AGGRESSIVE;
				GCC_WARN_UNUSED_FUNCTION = YES;
				GCC_WARN_UNUSED_VARIABLE = YES;
				IPHONEOS_DEPLOYMENT_TARGET = 15.0;
				MTL_ENABLE_DEBUG_INFO = NO;
				MTL_FAST_MATH = YES;
				SDKROOT = iphoneos;
				SWIFT_COMPILATION_MODE = wholemodule;
				SWIFT_OPTIMIZATION_LEVEL = "-O";
				VALIDATE_PRODUCT = YES;
			};
			name = Release;
		};
		3BE7F9B8268E5438007E84F3 /* Debug */ = {
			isa = XCBuildConfiguration;
			baseConfigurationReference = 3B9F22922691BC880048A5FA /* Config-Debug.xcconfig */;
			buildSettings = {
				ASSETCATALOG_COMPILER_APPICON_NAME = AppIcon;
				ASSETCATALOG_COMPILER_GLOBAL_ACCENT_COLOR_NAME = AccentColor;
				CODE_SIGN_STYLE = Automatic;
				CURRENT_PROJECT_VERSION = 1;
				DEVELOPMENT_ASSET_PATHS = "\"Mothership/Preview Content\"";
				DEVELOPMENT_TEAM = X29V4JPQ55;
				ENABLE_PREVIEWS = YES;
				GENERATE_INFOPLIST_FILE = YES;
				INFOPLIST_FILE = Mothership/Info.plist;
				INFOPLIST_KEY_CFBundleExecutable = Mothership;
				INFOPLIST_KEY_CFBundleName = Mothership;
				INFOPLIST_KEY_CFBundleVersion = 9;
				INFOPLIST_KEY_UIApplicationSceneManifest_Generation = YES;
				INFOPLIST_KEY_UIApplicationSupportsIndirectInputEvents = YES;
				INFOPLIST_KEY_UILaunchScreen_Generation = YES;
				INFOPLIST_KEY_UISupportedInterfaceOrientations_iPad = "UIInterfaceOrientationPortrait UIInterfaceOrientationPortraitUpsideDown UIInterfaceOrientationLandscapeLeft UIInterfaceOrientationLandscapeRight";
				INFOPLIST_KEY_UISupportedInterfaceOrientations_iPhone = "UIInterfaceOrientationPortrait UIInterfaceOrientationLandscapeLeft UIInterfaceOrientationLandscapeRight";
				IPHONEOS_DEPLOYMENT_TARGET = 15.0;
				LD_RUNPATH_SEARCH_PATHS = (
					"$(inherited)",
					"@executable_path/Frameworks",
				);
				MARKETING_VERSION = 1.0.0;
				PRODUCT_BUNDLE_IDENTIFIER = dev.neoneon.mothership;
				PRODUCT_NAME = "$(TARGET_NAME)";
				SWIFT_EMIT_LOC_STRINGS = YES;
				SWIFT_VERSION = 5.0;
				TARGETED_DEVICE_FAMILY = "1,2";
			};
			name = Debug;
		};
		3BE7F9B9268E5438007E84F3 /* Release */ = {
			isa = XCBuildConfiguration;
			baseConfigurationReference = 3B9F22932691BD5B0048A5FA /* Config-Release.xcconfig */;
			buildSettings = {
				ASSETCATALOG_COMPILER_APPICON_NAME = AppIcon;
				ASSETCATALOG_COMPILER_GLOBAL_ACCENT_COLOR_NAME = AccentColor;
				CODE_SIGN_STYLE = Automatic;
				CURRENT_PROJECT_VERSION = 1;
				DEVELOPMENT_ASSET_PATHS = "\"Mothership/Preview Content\"";
				DEVELOPMENT_TEAM = X29V4JPQ55;
				ENABLE_PREVIEWS = YES;
				GENERATE_INFOPLIST_FILE = YES;
				INFOPLIST_FILE = Mothership/Info.plist;
				INFOPLIST_KEY_CFBundleExecutable = Mothership;
				INFOPLIST_KEY_CFBundleName = Mothership;
				INFOPLIST_KEY_CFBundleVersion = 9;
				INFOPLIST_KEY_UIApplicationSceneManifest_Generation = YES;
				INFOPLIST_KEY_UIApplicationSupportsIndirectInputEvents = YES;
				INFOPLIST_KEY_UILaunchScreen_Generation = YES;
				INFOPLIST_KEY_UISupportedInterfaceOrientations_iPad = "UIInterfaceOrientationPortrait UIInterfaceOrientationPortraitUpsideDown UIInterfaceOrientationLandscapeLeft UIInterfaceOrientationLandscapeRight";
				INFOPLIST_KEY_UISupportedInterfaceOrientations_iPhone = "UIInterfaceOrientationPortrait UIInterfaceOrientationLandscapeLeft UIInterfaceOrientationLandscapeRight";
				IPHONEOS_DEPLOYMENT_TARGET = 15.0;
				LD_RUNPATH_SEARCH_PATHS = (
					"$(inherited)",
					"@executable_path/Frameworks",
				);
				MARKETING_VERSION = 1.0.0;
				PRODUCT_BUNDLE_IDENTIFIER = dev.neoneon.mothership;
				PRODUCT_NAME = "$(TARGET_NAME)";
				SWIFT_EMIT_LOC_STRINGS = YES;
				SWIFT_VERSION = 5.0;
				TARGETED_DEVICE_FAMILY = "1,2";
			};
			name = Release;
		};
		3BE7F9BB268E5438007E84F3 /* Debug */ = {
			isa = XCBuildConfiguration;
			buildSettings = {
				ALWAYS_EMBED_SWIFT_STANDARD_LIBRARIES = YES;
				BUNDLE_LOADER = "$(TEST_HOST)";
				CODE_SIGN_STYLE = Automatic;
				CURRENT_PROJECT_VERSION = 1;
				DEVELOPMENT_TEAM = X29V4JPQ55;
				GENERATE_INFOPLIST_FILE = YES;
				IPHONEOS_DEPLOYMENT_TARGET = 14.0;
				LD_RUNPATH_SEARCH_PATHS = (
					"$(inherited)",
					"@executable_path/Frameworks",
					"@loader_path/Frameworks",
				);
				MARKETING_VERSION = 1.0;
				PRODUCT_BUNDLE_IDENTIFIER = dev.neoneon.MothershipTests;
				PRODUCT_NAME = "$(TARGET_NAME)";
				SWIFT_EMIT_LOC_STRINGS = NO;
				SWIFT_VERSION = 5.0;
				TARGETED_DEVICE_FAMILY = "1,2";
				TEST_HOST = "$(BUILT_PRODUCTS_DIR)/Mothership.app/Mothership";
			};
			name = Debug;
		};
		3BE7F9BC268E5438007E84F3 /* Release */ = {
			isa = XCBuildConfiguration;
			buildSettings = {
				ALWAYS_EMBED_SWIFT_STANDARD_LIBRARIES = YES;
				BUNDLE_LOADER = "$(TEST_HOST)";
				CODE_SIGN_STYLE = Automatic;
				CURRENT_PROJECT_VERSION = 1;
				DEVELOPMENT_TEAM = X29V4JPQ55;
				GENERATE_INFOPLIST_FILE = YES;
				IPHONEOS_DEPLOYMENT_TARGET = 14.0;
				LD_RUNPATH_SEARCH_PATHS = (
					"$(inherited)",
					"@executable_path/Frameworks",
					"@loader_path/Frameworks",
				);
				MARKETING_VERSION = 1.0;
				PRODUCT_BUNDLE_IDENTIFIER = dev.neoneon.MothershipTests;
				PRODUCT_NAME = "$(TARGET_NAME)";
				SWIFT_EMIT_LOC_STRINGS = NO;
				SWIFT_VERSION = 5.0;
				TARGETED_DEVICE_FAMILY = "1,2";
				TEST_HOST = "$(BUILT_PRODUCTS_DIR)/Mothership.app/Mothership";
			};
			name = Release;
		};
		3BE7F9BE268E5438007E84F3 /* Debug */ = {
			isa = XCBuildConfiguration;
			buildSettings = {
				ALWAYS_EMBED_SWIFT_STANDARD_LIBRARIES = YES;
				CODE_SIGN_STYLE = Automatic;
				CURRENT_PROJECT_VERSION = 1;
				DEVELOPMENT_TEAM = X29V4JPQ55;
				GENERATE_INFOPLIST_FILE = YES;
				LD_RUNPATH_SEARCH_PATHS = (
					"$(inherited)",
					"@executable_path/Frameworks",
					"@loader_path/Frameworks",
				);
				MARKETING_VERSION = 1.0;
				PRODUCT_BUNDLE_IDENTIFIER = dev.neoneon.MothershipUITests;
				PRODUCT_NAME = "$(TARGET_NAME)";
				SWIFT_EMIT_LOC_STRINGS = NO;
				SWIFT_VERSION = 5.0;
				TARGETED_DEVICE_FAMILY = "1,2";
				TEST_TARGET_NAME = Mothership;
			};
			name = Debug;
		};
		3BE7F9BF268E5438007E84F3 /* Release */ = {
			isa = XCBuildConfiguration;
			buildSettings = {
				ALWAYS_EMBED_SWIFT_STANDARD_LIBRARIES = YES;
				CODE_SIGN_STYLE = Automatic;
				CURRENT_PROJECT_VERSION = 1;
				DEVELOPMENT_TEAM = X29V4JPQ55;
				GENERATE_INFOPLIST_FILE = YES;
				LD_RUNPATH_SEARCH_PATHS = (
					"$(inherited)",
					"@executable_path/Frameworks",
					"@loader_path/Frameworks",
				);
				MARKETING_VERSION = 1.0;
				PRODUCT_BUNDLE_IDENTIFIER = dev.neoneon.MothershipUITests;
				PRODUCT_NAME = "$(TARGET_NAME)";
				SWIFT_EMIT_LOC_STRINGS = NO;
				SWIFT_VERSION = 5.0;
				TARGETED_DEVICE_FAMILY = "1,2";
				TEST_TARGET_NAME = Mothership;
			};
			name = Release;
		};
/* End XCBuildConfiguration section */

/* Begin XCConfigurationList section */
		3BE7F990268E5436007E84F3 /* Build configuration list for PBXProject "Mothership" */ = {
			isa = XCConfigurationList;
			buildConfigurations = (
				3BE7F9B5268E5438007E84F3 /* Debug */,
				3BE7F9B6268E5438007E84F3 /* Release */,
			);
			defaultConfigurationIsVisible = 0;
			defaultConfigurationName = Release;
		};
		3BE7F9B7268E5438007E84F3 /* Build configuration list for PBXNativeTarget "Mothership" */ = {
			isa = XCConfigurationList;
			buildConfigurations = (
				3BE7F9B8268E5438007E84F3 /* Debug */,
				3BE7F9B9268E5438007E84F3 /* Release */,
			);
			defaultConfigurationIsVisible = 0;
			defaultConfigurationName = Release;
		};
		3BE7F9BA268E5438007E84F3 /* Build configuration list for PBXNativeTarget "MothershipTests" */ = {
			isa = XCConfigurationList;
			buildConfigurations = (
				3BE7F9BB268E5438007E84F3 /* Debug */,
				3BE7F9BC268E5438007E84F3 /* Release */,
			);
			defaultConfigurationIsVisible = 0;
			defaultConfigurationName = Release;
		};
		3BE7F9BD268E5438007E84F3 /* Build configuration list for PBXNativeTarget "MothershipUITests" */ = {
			isa = XCConfigurationList;
			buildConfigurations = (
				3BE7F9BE268E5438007E84F3 /* Debug */,
				3BE7F9BF268E5438007E84F3 /* Release */,
			);
			defaultConfigurationIsVisible = 0;
			defaultConfigurationName = Release;
		};
/* End XCConfigurationList section */

/* Begin XCRemoteSwiftPackageReference section */
		3B04DC0B26B1E38400D164C4 /* XCRemoteSwiftPackageReference "architecture-x" */ = {
			isa = XCRemoteSwiftPackageReference;
			repositoryURL = "https://github.com/q231950/architecture-x";
			requirement = {
				branch = main;
				kind = branch;
			};
		};
/* End XCRemoteSwiftPackageReference section */

/* Begin XCSwiftPackageProductDependency section */
		3B04DC0C26B1E38400D164C4 /* ArchitectureX */ = {
			isa = XCSwiftPackageProductDependency;
			package = 3B04DC0B26B1E38400D164C4 /* XCRemoteSwiftPackageReference "architecture-x" */;
			productName = ArchitectureX;
		};
		3B57BA0D2690FD41007FA0F3 /* Services */ = {
			isa = XCSwiftPackageProductDependency;
			productName = Services;
		};
		3B57BA102690FDA8007FA0F3 /* Models */ = {
			isa = XCSwiftPackageProductDependency;
			productName = Models;
		};
/* End XCSwiftPackageProductDependency section */
	};
	rootObject = 3BE7F98D268E5436007E84F3 /* Project object */;
}
