{
  "object": {
    "pins": [
      {
        "package": "architecture-x",
        "repositoryURL": "https://github.com/q231950/architecture-x",
        "state": {
          "branch": null,
          "revision": "8aa84fcf28dbed692730f7cb8caacd78b123d688",
          "version": "0.0.1"
        }
      }
    ]
  },
  "version": 1
}
