{
  "object": {
    "pins": [
      {
        "package": "architecture-x",
        "repositoryURL": "https://github.com/q231950/architecture-x",
        "state": {
          "branch": "main",
          "revision": "30dfc134ddbc2847d097e1b30ebd020e49492c1d",
          "version": null
        }
      }
    ]
  },
  "version": 1
}
