{
  "object": {
    "pins": [
      {
        "package": "ArchitectureX",
        "repositoryURL": "https://github.com/q231950/architecture-x",
        "state": {
          "branch": "main",
          "revision": "1375c6dcc5fc0c9fab7f6774ffc1da6910f82497",
          "version": null
        }
      }
    ]
  },
  "version": 1
}
